{
  "chore": "0.15.0",
  "ddt": "2.3.0",
  "dotman": "0.2.0",
  "instantmailcheck": "0.1.0",
  "qemu": "10.2.2",
  "snapshotter": "0.68.0",
  "tacli": "0.2.0",
  "trove-cli": "0.25.0",
  "trove-desktop": "0.25.0",
  "vertrag": "0.27.0",
  "virtiofsd": "1.14.0",
  "deionizer": "0.1.0",
  "pullbar": "0.4.3",
  "rust-fs-ext4": "0.8.0",
  "rust-fs-xfs": "0.12.1",
  "rust-fs-btrfs": "0.10.2",
  "rust-fs-squashfs": "0.4.0",
  "rust-fs-ntfs": "0.9.0",
  "rust-img-qcow2": "0.6.0",
  "rust-img-vmdk": "0.5.0",
  "rust-img-vhd": "0.6.0",
  "rust-fs-erofs": "0.4.0",
  "rust-img-vhdx": "0.6.0",
  "rust-lzo1x": "0.4.0"
}
